
Microsoft Visual Studio Solution File, Format Version 12.00
# Visual Studio Version 17
VisualStudioVersion = 17.13.35931.197
MinimumVisualStudioVersion = 10.0.40219.1
Project("{2150E333-8FDC-42A3-9474-1A3956D46DE8}") = "Services", "Services", "{02EA681E-C7D8-13C7-8484-4AC65E1B71E8}"
EndProject
Project("{FAE04EC0-301F-11D3-BF4B-00C04F79EFBC}") = "CartNova.Services", "CartNova.Services\CartNova.Services.csproj", "{0E69891C-78A5-452F-9D75-6AEB6BB6EA60}"
EndProject
Project("{2150E333-8FDC-42A3-9474-1A3956D46DE8}") = "Web", "Web", "{3B3B6817-A35D-4663-8DA2-7DE099577052}"
EndProject
Project("{FAE04EC0-301F-11D3-BF4B-00C04F79EFBC}") = "CartNovaFrontend", "CartNovaFrontend\CartNovaFrontend.csproj", "{8AFA43EF-0DA7-40CE-86B9-05D60B63C26B}"
EndProject
Global
	GlobalSection(SolutionConfigurationPlatforms) = preSolution
		Debug|Any CPU = Debug|Any CPU
		Release|Any CPU = Release|Any CPU
	EndGlobalSection
	GlobalSection(ProjectConfigurationPlatforms) = postSolution
		{0E69891C-78A5-452F-9D75-6AEB6BB6EA60}.Debug|Any CPU.ActiveCfg = Debug|Any CPU
		{0E69891C-78A5-452F-9D75-6AEB6BB6EA60}.Debug|Any CPU.Build.0 = Debug|Any CPU
		{0E69891C-78A5-452F-9D75-6AEB6BB6EA60}.Release|Any CPU.ActiveCfg = Release|Any CPU
		{0E69891C-78A5-452F-9D75-6AEB6BB6EA60}.Release|Any CPU.Build.0 = Release|Any CPU
		{8AFA43EF-0DA7-40CE-86B9-05D60B63C26B}.Debug|Any CPU.ActiveCfg = Debug|Any CPU
		{8AFA43EF-0DA7-40CE-86B9-05D60B63C26B}.Debug|Any CPU.Build.0 = Debug|Any CPU
		{8AFA43EF-0DA7-40CE-86B9-05D60B63C26B}.Release|Any CPU.ActiveCfg = Release|Any CPU
		{8AFA43EF-0DA7-40CE-86B9-05D60B63C26B}.Release|Any CPU.Build.0 = Release|Any CPU
	EndGlobalSection
	GlobalSection(SolutionProperties) = preSolution
		HideSolutionNode = FALSE
	EndGlobalSection
	GlobalSection(NestedProjects) = preSolution
		{0E69891C-78A5-452F-9D75-6AEB6BB6EA60} = {02EA681E-C7D8-13C7-8484-4AC65E1B71E8}
		{8AFA43EF-0DA7-40CE-86B9-05D60B63C26B} = {3B3B6817-A35D-4663-8DA2-7DE099577052}
	EndGlobalSection
	GlobalSection(ExtensibilityGlobals) = postSolution
		SolutionGuid = {6B13392D-13E3-40E1-A4F6-BDBF53E1C778}
	EndGlobalSection
EndGlobal
